
Microsoft Visual Studio Solution File, Format Version 12.00
# Visual Studio Version 16
VisualStudioVersion = 16.0.29920.165
MinimumVisualStudioVersion = 10.0.40219.1
Project("{FAE04EC0-301F-11D3-BF4B-00C04F79EFBC}") = "EmployeeCrud", "EmployeeCrud.csproj", "{785D2942-5651-451F-BC3E-720360E793F0}"
EndProject
Project("{FAE04EC0-301F-11D3-BF4B-00C04F79EFBC}") = "EmployeeModel", "..\EmployeeModel\EmployeeModel.csproj", "{E3279C31-E34A-4607-86A2-B40AD3A9FF24}"
EndProject
Project("{FAE04EC0-301F-11D3-BF4B-00C04F79EFBC}") = "Manager", "..\Manager\Manager.csproj", "{C1DD0643-8809-49EF-81E7-3F8B2E1F8FD2}"
EndProject
Project("{FAE04EC0-301F-11D3-BF4B-00C04F79EFBC}") = "Repository", "..\Repository\Repository.csproj", "{A5D90DA1-A9F9-41B4-A1C4-D02E1135EDEF}"
EndProject
Global
	GlobalSection(SolutionConfigurationPlatforms) = preSolution
		Debug|Any CPU = Debug|Any CPU
		Release|Any CPU = Release|Any CPU
	EndGlobalSection
	GlobalSection(ProjectConfigurationPlatforms) = postSolution
		{785D2942-5651-451F-BC3E-720360E793F0}.Debug|Any CPU.ActiveCfg = Debug|Any CPU
		{785D2942-5651-451F-BC3E-720360E793F0}.Debug|Any CPU.Build.0 = Debug|Any CPU
		{785D2942-5651-451F-BC3E-720360E793F0}.Release|Any CPU.ActiveCfg = Release|Any CPU
		{785D2942-5651-451F-BC3E-720360E793F0}.Release|Any CPU.Build.0 = Release|Any CPU
		{E3279C31-E34A-4607-86A2-B40AD3A9FF24}.Debug|Any CPU.ActiveCfg = Debug|Any CPU
		{E3279C31-E34A-4607-86A2-B40AD3A9FF24}.Debug|Any CPU.Build.0 = Debug|Any CPU
		{E3279C31-E34A-4607-86A2-B40AD3A9FF24}.Release|Any CPU.ActiveCfg = Release|Any CPU
		{E3279C31-E34A-4607-86A2-B40AD3A9FF24}.Release|Any CPU.Build.0 = Release|Any CPU
		{C1DD0643-8809-49EF-81E7-3F8B2E1F8FD2}.Debug|Any CPU.ActiveCfg = Debug|Any CPU
		{C1DD0643-8809-49EF-81E7-3F8B2E1F8FD2}.Debug|Any CPU.Build.0 = Debug|Any CPU
		{C1DD0643-8809-49EF-81E7-3F8B2E1F8FD2}.Release|Any CPU.ActiveCfg = Release|Any CPU
		{C1DD0643-8809-49EF-81E7-3F8B2E1F8FD2}.Release|Any CPU.Build.0 = Release|Any CPU
		{A5D90DA1-A9F9-41B4-A1C4-D02E1135EDEF}.Debug|Any CPU.ActiveCfg = Debug|Any CPU
		{A5D90DA1-A9F9-41B4-A1C4-D02E1135EDEF}.Debug|Any CPU.Build.0 = Debug|Any CPU
		{A5D90DA1-A9F9-41B4-A1C4-D02E1135EDEF}.Release|Any CPU.ActiveCfg = Release|Any CPU
		{A5D90DA1-A9F9-41B4-A1C4-D02E1135EDEF}.Release|Any CPU.Build.0 = Release|Any CPU
	EndGlobalSection
	GlobalSection(SolutionProperties) = preSolution
		HideSolutionNode = FALSE
	EndGlobalSection
	GlobalSection(ExtensibilityGlobals) = postSolution
		SolutionGuid = {8BE59115-8174-46E0-9C58-94547283926C}
	EndGlobalSection
EndGlobal
